
Microsoft Visual Studio Solution File, Format Version 12.00
# Visual Studio 15
VisualStudioVersion = 15.0.27004.2005
MinimumVisualStudioVersion = 10.0.40219.1
Project("{FAE04EC0-301F-11D3-BF4B-00C04F79EFBC}") = "Exercis_01", "Exercis_01\Exercis_01.csproj", "{F8AAA8BE-7140-4473-932E-F742503AF878}"
EndProject
Project("{FAE04EC0-301F-11D3-BF4B-00C04F79EFBC}") = "Exercis_02", "Exercis_02\Exercis_02.csproj", "{0EC70C54-3F62-4205-B3C5-08C882AB0F73}"
EndProject
Project("{FAE04EC0-301F-11D3-BF4B-00C04F79EFBC}") = "Exercis_03", "Exercis_03\Exercis_03.csproj", "{1DE606CF-2D8E-42EB-80F1-7951DC264C6C}"
EndProject
Project("{FAE04EC0-301F-11D3-BF4B-00C04F79EFBC}") = "Exercis_04", "Exercis_04\Exercis_04.csproj", "{F9F7D5E8-ECE6-4DC5-9AC0-52B064505F58}"
EndProject
Project("{FAE04EC0-301F-11D3-BF4B-00C04F79EFBC}") = "Exercis_05", "Exercis_05\Exercis_05.csproj", "{2D599264-1CF3-4FFC-9D81-9DA18AAFABDC}"
EndProject
Global
	GlobalSection(SolutionConfigurationPlatforms) = preSolution
		Debug|Any CPU = Debug|Any CPU
		Release|Any CPU = Release|Any CPU
	EndGlobalSection
	GlobalSection(ProjectConfigurationPlatforms) = postSolution
		{F8AAA8BE-7140-4473-932E-F742503AF878}.Debug|Any CPU.ActiveCfg = Debug|Any CPU
		{F8AAA8BE-7140-4473-932E-F742503AF878}.Debug|Any CPU.Build.0 = Debug|Any CPU
		{F8AAA8BE-7140-4473-932E-F742503AF878}.Release|Any CPU.ActiveCfg = Release|Any CPU
		{F8AAA8BE-7140-4473-932E-F742503AF878}.Release|Any CPU.Build.0 = Release|Any CPU
		{0EC70C54-3F62-4205-B3C5-08C882AB0F73}.Debug|Any CPU.ActiveCfg = Debug|Any CPU
		{0EC70C54-3F62-4205-B3C5-08C882AB0F73}.Debug|Any CPU.Build.0 = Debug|Any CPU
		{0EC70C54-3F62-4205-B3C5-08C882AB0F73}.Release|Any CPU.ActiveCfg = Release|Any CPU
		{0EC70C54-3F62-4205-B3C5-08C882AB0F73}.Release|Any CPU.Build.0 = Release|Any CPU
		{1DE606CF-2D8E-42EB-80F1-7951DC264C6C}.Debug|Any CPU.ActiveCfg = Debug|Any CPU
		{1DE606CF-2D8E-42EB-80F1-7951DC264C6C}.Debug|Any CPU.Build.0 = Debug|Any CPU
		{1DE606CF-2D8E-42EB-80F1-7951DC264C6C}.Release|Any CPU.ActiveCfg = Release|Any CPU
		{1DE606CF-2D8E-42EB-80F1-7951DC264C6C}.Release|Any CPU.Build.0 = Release|Any CPU
		{F9F7D5E8-ECE6-4DC5-9AC0-52B064505F58}.Debug|Any CPU.ActiveCfg = Debug|Any CPU
		{F9F7D5E8-ECE6-4DC5-9AC0-52B064505F58}.Debug|Any CPU.Build.0 = Debug|Any CPU
		{F9F7D5E8-ECE6-4DC5-9AC0-52B064505F58}.Release|Any CPU.ActiveCfg = Release|Any CPU
		{F9F7D5E8-ECE6-4DC5-9AC0-52B064505F58}.Release|Any CPU.Build.0 = Release|Any CPU
		{2D599264-1CF3-4FFC-9D81-9DA18AAFABDC}.Debug|Any CPU.ActiveCfg = Debug|Any CPU
		{2D599264-1CF3-4FFC-9D81-9DA18AAFABDC}.Debug|Any CPU.Build.0 = Debug|Any CPU
		{2D599264-1CF3-4FFC-9D81-9DA18AAFABDC}.Release|Any CPU.ActiveCfg = Release|Any CPU
		{2D599264-1CF3-4FFC-9D81-9DA18AAFABDC}.Release|Any CPU.Build.0 = Release|Any CPU
	EndGlobalSection
	GlobalSection(SolutionProperties) = preSolution
		HideSolutionNode = FALSE
	EndGlobalSection
	GlobalSection(ExtensibilityGlobals) = postSolution
		SolutionGuid = {1D196A4F-6DDF-4102-9883-4755714E9259}
	EndGlobalSection
EndGlobal
