
Microsoft Visual Studio Solution File, Format Version 12.00
# Visual Studio 15
VisualStudioVersion = 15.0.27004.2002
MinimumVisualStudioVersion = 10.0.40219.1
Project("{FAE04EC0-301F-11D3-BF4B-00C04F79EFBC}") = "WordMixer", "WordMixer\WordMixer.csproj", "{1753F65B-1542-49D3-8DB0-4365BD41A589}"
EndProject
Project("{FAE04EC0-301F-11D3-BF4B-00C04F79EFBC}") = "proov", "proov\proov.csproj", "{B81BF388-3740-4D2E-B727-42E95730C3D5}"
EndProject
Global
	GlobalSection(SolutionConfigurationPlatforms) = preSolution
		Debug|Any CPU = Debug|Any CPU
		Release|Any CPU = Release|Any CPU
	EndGlobalSection
	GlobalSection(ProjectConfigurationPlatforms) = postSolution
		{1753F65B-1542-49D3-8DB0-4365BD41A589}.Debug|Any CPU.ActiveCfg = Debug|Any CPU
		{1753F65B-1542-49D3-8DB0-4365BD41A589}.Debug|Any CPU.Build.0 = Debug|Any CPU
		{1753F65B-1542-49D3-8DB0-4365BD41A589}.Release|Any CPU.ActiveCfg = Release|Any CPU
		{1753F65B-1542-49D3-8DB0-4365BD41A589}.Release|Any CPU.Build.0 = Release|Any CPU
		{B81BF388-3740-4D2E-B727-42E95730C3D5}.Debug|Any CPU.ActiveCfg = Debug|Any CPU
		{B81BF388-3740-4D2E-B727-42E95730C3D5}.Debug|Any CPU.Build.0 = Debug|Any CPU
		{B81BF388-3740-4D2E-B727-42E95730C3D5}.Release|Any CPU.ActiveCfg = Release|Any CPU
		{B81BF388-3740-4D2E-B727-42E95730C3D5}.Release|Any CPU.Build.0 = Release|Any CPU
	EndGlobalSection
	GlobalSection(SolutionProperties) = preSolution
		HideSolutionNode = FALSE
	EndGlobalSection
	GlobalSection(ExtensibilityGlobals) = postSolution
		SolutionGuid = {7BB0C581-CD75-485E-937D-47DCC7DB3428}
	EndGlobalSection
EndGlobal
