
Microsoft Visual Studio Solution File, Format Version 12.00
# Visual Studio 15
VisualStudioVersion = 15.0.28307.572
MinimumVisualStudioVersion = 10.0.40219.1
Project("{FAE04EC0-301F-11D3-BF4B-00C04F79EFBC}") = "EF6CodeFirst", "EF6CodeFirst\EF6CodeFirst.csproj", "{2C8BFAE2-EDDB-4EB3-B064-62CB1757F27B}"
EndProject
Global
	GlobalSection(SolutionConfigurationPlatforms) = preSolution
		Debug|Any CPU = Debug|Any CPU
		Release|Any CPU = Release|Any CPU
	EndGlobalSection
	GlobalSection(ProjectConfigurationPlatforms) = postSolution
		{2C8BFAE2-EDDB-4EB3-B064-62CB1757F27B}.Debug|Any CPU.ActiveCfg = Debug|Any CPU
		{2C8BFAE2-EDDB-4EB3-B064-62CB1757F27B}.Debug|Any CPU.Build.0 = Debug|Any CPU
		{2C8BFAE2-EDDB-4EB3-B064-62CB1757F27B}.Release|Any CPU.ActiveCfg = Release|Any CPU
		{2C8BFAE2-EDDB-4EB3-B064-62CB1757F27B}.Release|Any CPU.Build.0 = Release|Any CPU
	EndGlobalSection
	GlobalSection(SolutionProperties) = preSolution
		HideSolutionNode = FALSE
	EndGlobalSection
	GlobalSection(ExtensibilityGlobals) = postSolution
		SolutionGuid = {C201DD18-7A54-41F5-B322-4E22DA509708}
	EndGlobalSection
EndGlobal
