
Microsoft Visual Studio Solution File, Format Version 12.00
# Visual Studio 15
VisualStudioVersion = 15.0.27004.2005
MinimumVisualStudioVersion = 10.0.40219.1
Project("{FAE04EC0-301F-11D3-BF4B-00C04F79EFBC}") = "Eksami_harjutus1", "Eksami_harjutus1\Eksami_harjutus1.csproj", "{7726094E-92E0-4E79-B388-7FB196CB2B14}"
EndProject
Project("{FAE04EC0-301F-11D3-BF4B-00C04F79EFBC}") = "Eksami_harjutus2", "Eksami_harjutus2\Eksami_harjutus2.csproj", "{2235F791-5D31-4AEA-B4F4-44FF32382608}"
EndProject
Project("{FAE04EC0-301F-11D3-BF4B-00C04F79EFBC}") = "Eksami_harjutus3", "Eksami_harjutus3\Eksami_harjutus3.csproj", "{CDBF4DFF-DC8C-4B57-A417-366890956DF5}"
EndProject
Global
	GlobalSection(SolutionConfigurationPlatforms) = preSolution
		Debug|Any CPU = Debug|Any CPU
		Release|Any CPU = Release|Any CPU
	EndGlobalSection
	GlobalSection(ProjectConfigurationPlatforms) = postSolution
		{7726094E-92E0-4E79-B388-7FB196CB2B14}.Debug|Any CPU.ActiveCfg = Debug|Any CPU
		{7726094E-92E0-4E79-B388-7FB196CB2B14}.Debug|Any CPU.Build.0 = Debug|Any CPU
		{7726094E-92E0-4E79-B388-7FB196CB2B14}.Release|Any CPU.ActiveCfg = Release|Any CPU
		{7726094E-92E0-4E79-B388-7FB196CB2B14}.Release|Any CPU.Build.0 = Release|Any CPU
		{2235F791-5D31-4AEA-B4F4-44FF32382608}.Debug|Any CPU.ActiveCfg = Debug|Any CPU
		{2235F791-5D31-4AEA-B4F4-44FF32382608}.Debug|Any CPU.Build.0 = Debug|Any CPU
		{2235F791-5D31-4AEA-B4F4-44FF32382608}.Release|Any CPU.ActiveCfg = Release|Any CPU
		{2235F791-5D31-4AEA-B4F4-44FF32382608}.Release|Any CPU.Build.0 = Release|Any CPU
		{CDBF4DFF-DC8C-4B57-A417-366890956DF5}.Debug|Any CPU.ActiveCfg = Debug|Any CPU
		{CDBF4DFF-DC8C-4B57-A417-366890956DF5}.Debug|Any CPU.Build.0 = Debug|Any CPU
		{CDBF4DFF-DC8C-4B57-A417-366890956DF5}.Release|Any CPU.ActiveCfg = Release|Any CPU
		{CDBF4DFF-DC8C-4B57-A417-366890956DF5}.Release|Any CPU.Build.0 = Release|Any CPU
	EndGlobalSection
	GlobalSection(SolutionProperties) = preSolution
		HideSolutionNode = FALSE
	EndGlobalSection
	GlobalSection(ExtensibilityGlobals) = postSolution
		SolutionGuid = {C0519ACD-B57B-498A-AACC-98A6FDF13552}
	EndGlobalSection
EndGlobal
